// !$*UTF8*$!
{
	archiveVersion = 1;
	classes = {
	};
	objectVersion = 46;
	objects = {

/* Begin PBXBuildFile section */
		BE4BDC1E1B40003500D35479 /* MKProgressViewController.swift in Sources */ = {isa = PBXBuildFile; fileRef = BE4BDC1D1B40003500D35479 /* MKProgressViewController.swift */; };
		BECE28631B3FD09400D65314 /* AppDelegate.swift in Sources */ = {isa = PBXBuildFile; fileRef = BECE28621B3FD09400D65314 /* AppDelegate.swift */; };
		BECE28651B3FD09400D65314 /* ViewController.swift in Sources */ = {isa = PBXBuildFile; fileRef = BECE28641B3FD09400D65314 /* ViewController.swift */; };
		BECE28681B3FD09400D65314 /* Main.storyboard in Resources */ = {isa = PBXBuildFile; fileRef = BECE28661B3FD09400D65314 /* Main.storyboard */; };
		BECE286A1B3FD09400D65314 /* Assets.xcassets in Resources */ = {isa = PBXBuildFile; fileRef = BECE28691B3FD09400D65314 /* Assets.xcassets */; };
		BECE286D1B3FD09400D65314 /* LaunchScreen.storyboard in Resources */ = {isa = PBXBuildFile; fileRef = BECE286B1B3FD09400D65314 /* LaunchScreen.storyboard */; };
/* End PBXBuildFile section */

/* Begin PBXFileReference section */
		BE4BDC1D1B40003500D35479 /* MKProgressViewController.swift */ = {isa = PBXFileReference; fileEncoding = 4; lastKnownFileType = sourcecode.swift; path = MKProgressViewController.swift; sourceTree = "<group>"; };
		BECE285F1B3FD09400D65314 /* swiftLearn.app */ = {isa = PBXFileReference; explicitFileType = wrapper.application; includeInIndex = 0; path = swiftLearn.app; sourceTree = BUILT_PRODUCTS_DIR; };
		BECE28621B3FD09400D65314 /* AppDelegate.swift */ = {isa = PBXFileReference; lastKnownFileType = sourcecode.swift; path = AppDelegate.swift; sourceTree = "<group>"; };
		BECE28641B3FD09400D65314 /* ViewController.swift */ = {isa = PBXFileReference; lastKnownFileType = sourcecode.swift; path = ViewController.swift; sourceTree = "<group>"; };
		BECE28671B3FD09400D65314 /* Base */ = {isa = PBXFileReference; lastKnownFileType = file.storyboard; name = Base; path = Base.lproj/Main.storyboard; sourceTree = "<group>"; };
		BECE28691B3FD09400D65314 /* Assets.xcassets */ = {isa = PBXFileReference; lastKnownFileType = folder.assetcatalog; path = Assets.xcassets; sourceTree = "<group>"; };
		BECE286C1B3FD09400D65314 /* Base */ = {isa = PBXFileReference; lastKnownFileType = file.storyboard; name = Base; path = Base.lproj/LaunchScreen.storyboard; sourceTree = "<group>"; };
		BECE286E1B3FD09400D65314 /* Info.plist */ = {isa = PBXFileReference; lastKnownFileType = text.plist.xml; path = Info.plist; sourceTree = "<group>"; };
/* End PBXFileReference section */

/* Begin PBXFrameworksBuildPhase section */
		BECE285C1B3FD09400D65314 /* Frameworks */ = {
			isa = PBXFrameworksBuildPhase;
			buildActionMask = 2147483647;
			files = (
			);
			runOnlyForDeploymentPostprocessing = 0;
		};
/* End PBXFrameworksBuildPhase section */

/* Begin PBXGroup section */
		BECE28561B3FD09400D65314 = {
			isa = PBXGroup;
			children = (
				BECE28611B3FD09400D65314 /* swiftLearn */,
				BECE28601B3FD09400D65314 /* Products */,
			);
			sourceTree = "<group>";
		};
		BECE28601B3FD09400D65314 /* Products */ = {
			isa = PBXGroup;
			children = (
				BECE285F1B3FD09400D65314 /* swiftLearn.app */,
			);
			name = Products;
			sourceTree = "<group>";
		};
		BECE28611B3FD09400D65314 /* swiftLearn */ = {
			isa = PBXGroup;
			children = (
				BECE28621B3FD09400D65314 /* AppDelegate.swift */,
				BECE28641B3FD09400D65314 /* ViewController.swift */,
				BE4BDC1D1B40003500D35479 /* MKProgressViewController.swift */,
				BECE28661B3FD09400D65314 /* Main.storyboard */,
				BECE28691B3FD09400D65314 /* Assets.xcassets */,
				BECE286B1B3FD09400D65314 /* LaunchScreen.storyboard */,
				BECE286E1B3FD09400D65314 /* Info.plist */,
			);
			name = swiftLearn;
			path = subPhoto;
			sourceTree = "<group>";
		};
/* End PBXGroup section */

/* Begin PBXNativeTarget section */
		BECE285E1B3FD09400D65314 /* swiftLearn */ = {
			isa = PBXNativeTarget;
			buildConfigurationList = BECE28711B3FD09400D65314 /* Build configuration list for PBXNativeTarget "swiftLearn" */;
			buildPhases = (
				BECE285B1B3FD09400D65314 /* Sources */,
				BECE285C1B3FD09400D65314 /* Frameworks */,
				BECE285D1B3FD09400D65314 /* Resources */,
			);
			buildRules = (
			);
			dependencies = (
			);
			name = swiftLearn;
			productName = subPhoto;
			productReference = BECE285F1B3FD09400D65314 /* swiftLearn.app */;
			productType = "com.apple.product-type.application";
		};
/* End PBXNativeTarget section */

/* Begin PBXProject section */
		BECE28571B3FD09400D65314 /* Project object */ = {
			isa = PBXProject;
			attributes = {
				LastUpgradeCheck = 0700;
				ORGANIZATIONNAME = D_ttang;
				TargetAttributes = {
					BECE285E1B3FD09400D65314 = {
						CreatedOnToolsVersion = 7.0;
					};
				};
			};
			buildConfigurationList = BECE285A1B3FD09400D65314 /* Build configuration list for PBXProject "swiftLearn" */;
			compatibilityVersion = "Xcode 3.2";
			developmentRegion = English;
			hasScannedForEncodings = 0;
			knownRegions = (
				en,
				Base,
			);
			mainGroup = BECE28561B3FD09400D65314;
			productRefGroup = BECE28601B3FD09400D65314 /* Products */;
			projectDirPath = "";
			projectRoot = "";
			targets = (
				BECE285E1B3FD09400D65314 /* swiftLearn */,
			);
		};
/* End PBXProject section */

/* Begin PBXResourcesBuildPhase section */
		BECE285D1B3FD09400D65314 /* Resources */ = {
			isa = PBXResourcesBuildPhase;
			buildActionMask = 2147483647;
			files = (
				BECE286D1B3FD09400D65314 /* LaunchScreen.storyboard in Resources */,
				BECE286A1B3FD09400D65314 /* Assets.xcassets in Resources */,
				BECE28681B3FD09400D65314 /* Main.storyboard in Resources */,
			);
			runOnlyForDeploymentPostprocessing = 0;
		};
/* End PBXResourcesBuildPhase section */

/* Begin PBXSourcesBuildPhase section */
		BECE285B1B3FD09400D65314 /* Sources */ = {
			isa = PBXSourcesBuildPhase;
			buildActionMask = 2147483647;
			files = (
				BECE28651B3FD09400D65314 /* ViewController.swift in Sources */,
				BE4BDC1E1B40003500D35479 /* MKProgressViewController.swift in Sources */,
				BECE28631B3FD09400D65314 /* AppDelegate.swift in Sources */,
			);
			runOnlyForDeploymentPostprocessing = 0;
		};
/* End PBXSourcesBuildPhase section */

/* Begin PBXVariantGroup section */
		BECE28661B3FD09400D65314 /* Main.storyboard */ = {
			isa = PBXVariantGroup;
			children = (
				BECE28671B3FD09400D65314 /* Base */,
			);
			name = Main.storyboard;
			sourceTree = "<group>";
		};
		BECE286B1B3FD09400D65314 /* LaunchScreen.storyboard */ = {
			isa = PBXVariantGroup;
			children = (
				BECE286C1B3FD09400D65314 /* Base */,
			);
			name = LaunchScreen.storyboard;
			sourceTree = "<group>";
		};
/* End PBXVariantGroup section */

/* Begin XCBuildConfiguration section */
		BECE286F1B3FD09400D65314 /* Debug */ = {
			isa = XCBuildConfiguration;
			buildSettings = {
				ALWAYS_SEARCH_USER_PATHS = NO;
				CLANG_CXX_LANGUAGE_STANDARD = "gnu++0x";
				CLANG_CXX_LIBRARY = "libc++";
				CLANG_ENABLE_MODULES = YES;
				CLANG_ENABLE_OBJC_ARC = YES;
				CLANG_WARN_BOOL_CONVERSION = YES;
				CLANG_WARN_CONSTANT_CONVERSION = YES;
				CLANG_WARN_DIRECT_OBJC_ISA_USAGE = YES_ERROR;
				CLANG_WARN_EMPTY_BODY = YES;
				CLANG_WARN_ENUM_CONVERSION = YES;
				CLANG_WARN_INT_CONVERSION = YES;
				CLANG_WARN_OBJC_ROOT_CLASS = YES_ERROR;
				CLANG_WARN_UNREACHABLE_CODE = YES;
				CLANG_WARN__DUPLICATE_METHOD_MATCH = YES;
				"CODE_SIGN_IDENTITY[sdk=iphoneos*]" = "iPhone Developer";
				COPY_PHASE_STRIP = NO;
				DEBUG_INFORMATION_FORMAT = dwarf;
				ENABLE_STRICT_OBJC_MSGSEND = YES;
				ENABLE_TESTABILITY = YES;
				GCC_C_LANGUAGE_STANDARD = gnu99;
				GCC_DYNAMIC_NO_PIC = NO;
				GCC_NO_COMMON_BLOCKS = YES;
				GCC_OPTIMIZATION_LEVEL = 0;
				GCC_PREPROCESSOR_DEFINITIONS = (
					"DEBUG=1",
					"$(inherited)",
				);
				GCC_WARN_64_TO_32_BIT_CONVERSION = YES;
				GCC_WARN_ABOUT_RETURN_TYPE = YES_ERROR;
				GCC_WARN_UNDECLARED_SELECTOR = YES;
				GCC_WARN_UNINITIALIZED_AUTOS = YES_AGGRESSIVE;
				GCC_WARN_UNUSED_FUNCTION = YES;
				GCC_WARN_UNUSED_VARIABLE = YES;
				IPHONEOS_DEPLOYMENT_TARGET = 9.0;
				MTL_ENABLE_DEBUG_INFO = YES;
				ONLY_ACTIVE_ARCH = YES;
				SDKROOT = iphoneos;
				SWIFT_OPTIMIZATION_LEVEL = "-Onone";
			};
			name = Debug;
		};
		BECE28701B3FD09400D65314 /* Release */ = {
			isa = XCBuildConfiguration;
			buildSettings = {
				ALWAYS_SEARCH_USER_PATHS = NO;
				CLANG_CXX_LANGUAGE_STANDARD = "gnu++0x";
				CLANG_CXX_LIBRARY = "libc++";
				CLANG_ENABLE_MODULES = YES;
				CLANG_ENABLE_OBJC_ARC = YES;
				CLANG_WARN_BOOL_CONVERSION = YES;
				CLANG_WARN_CONSTANT_CONVERSION = YES;
				CLANG_WARN_DIRECT_OBJC_ISA_USAGE = YES_ERROR;
				CLANG_WARN_EMPTY_BODY = YES;
				CLANG_WARN_ENUM_CONVERSION = YES;
				CLANG_WARN_INT_CONVERSION = YES;
				CLANG_WARN_OBJC_ROOT_CLASS = YES_ERROR;
				CLANG_WARN_UNREACHABLE_CODE = YES;
				CLANG_WARN__DUPLICATE_METHOD_MATCH = YES;
				"CODE_SIGN_IDENTITY[sdk=iphoneos*]" = "iPhone Developer";
				COPY_PHASE_STRIP = NO;
				DEBUG_INFORMATION_FORMAT = "dwarf-with-dsym";
				ENABLE_NS_ASSERTIONS = NO;
				ENABLE_STRICT_OBJC_MSGSEND = YES;
				GCC_C_LANGUAGE_STANDARD = gnu99;
				GCC_NO_COMMON_BLOCKS = YES;
				GCC_WARN_64_TO_32_BIT_CONVERSION = YES;
				GCC_WARN_ABOUT_RETURN_TYPE = YES_ERROR;
				GCC_WARN_UNDECLARED_SELECTOR = YES;
				GCC_WARN_UNINITIALIZED_AUTOS = YES_AGGRESSIVE;
				GCC_WARN_UNUSED_FUNCTION = YES;
				GCC_WARN_UNUSED_VARIABLE = YES;
				IPHONEOS_DEPLOYMENT_TARGET = 9.0;
				MTL_ENABLE_DEBUG_INFO = NO;
				SDKROOT = iphoneos;
				VALIDATE_PRODUCT = YES;
			};
			name = Release;
		};
		BECE28721B3FD09400D65314 /* Debug */ = {
			isa = XCBuildConfiguration;
			buildSettings = {
				ASSETCATALOG_COMPILER_APPICON_NAME = AppIcon;
				INFOPLIST_FILE = subPhoto/Info.plist;
				IPHONEOS_DEPLOYMENT_TARGET = 8.0;
				LD_RUNPATH_SEARCH_PATHS = "$(inherited) @executable_path/Frameworks";
				PRODUCT_BUNDLE_IDENTIFIER = com.iweekapi.subPhoto;
				PRODUCT_NAME = swiftLearn;
			};
			name = Debug;
		};
		BECE28731B3FD09400D65314 /* Release */ = {
			isa = XCBuildConfiguration;
			buildSettings = {
				ASSETCATALOG_COMPILER_APPICON_NAME = AppIcon;
				INFOPLIST_FILE = subPhoto/Info.plist;
				IPHONEOS_DEPLOYMENT_TARGET = 8.0;
				LD_RUNPATH_SEARCH_PATHS = "$(inherited) @executable_path/Frameworks";
				PRODUCT_BUNDLE_IDENTIFIER = com.iweekapi.subPhoto;
				PRODUCT_NAME = swiftLearn;
			};
			name = Release;
		};
/* End XCBuildConfiguration section */

/* Begin XCConfigurationList section */
		BECE285A1B3FD09400D65314 /* Build configuration list for PBXProject "swiftLearn" */ = {
			isa = XCConfigurationList;
			buildConfigurations = (
				BECE286F1B3FD09400D65314 /* Debug */,
				BECE28701B3FD09400D65314 /* Release */,
			);
			defaultConfigurationIsVisible = 0;
			defaultConfigurationName = Release;
		};
		BECE28711B3FD09400D65314 /* Build configuration list for PBXNativeTarget "swiftLearn" */ = {
			isa = XCConfigurationList;
			buildConfigurations = (
				BECE28721B3FD09400D65314 /* Debug */,
				BECE28731B3FD09400D65314 /* Release */,
			);
			defaultConfigurationIsVisible = 0;
			defaultConfigurationName = Release;
		};
/* End XCConfigurationList section */
	};
	rootObject = BECE28571B3FD09400D65314 /* Project object */;
}
